// !$*UTF8*$!
{
	archiveVersion = 1;
	classes = {
	};
	objectVersion = 46;
	objects = {

/* Begin PBXBuildFile section */
		3B6E2C8A1D9F2A5200698C90 /* AppDelegate.swift in Sources */ = {isa = PBXBuildFile; fileRef = 3B6E2C891D9F2A5200698C90 /* AppDelegate.swift */; };
		3B6E2C8C1D9F2A5200698C90 /* ViewController.swift in Sources */ = {isa = PBXBuildFile; fileRef = 3B6E2C8B1D9F2A5200698C90 /* ViewController.swift */; };
		3B6E2C8F1D9F2A5200698C90 /* Main.storyboard in Resources */ = {isa = PBXBuildFile; fileRef = 3B6E2C8D1D9F2A5200698C90 /* Main.storyboard */; };
		3B6E2C911D9F2A5200698C90 /* Assets.xcassets in Resources */ = {isa = PBXBuildFile; fileRef = 3B6E2C901D9F2A5200698C90 /* Assets.xcassets */; };
		3B6E2C941D9F2A5200698C90 /* LaunchScreen.storyboard in Resources */ = {isa = PBXBuildFile; fileRef = 3B6E2C921D9F2A5200698C90 /* LaunchScreen.storyboard */; };
		3B6E2C9F1D9F2A5300698C90 /* HelloSwiftTests.swift in Sources */ = {isa = PBXBuildFile; fileRef = 3B6E2C9E1D9F2A5300698C90 /* HelloSwiftTests.swift */; };
		3B6E2CAA1D9F2A5300698C90 /* HelloSwiftUITests.swift in Sources */ = {isa = PBXBuildFile; fileRef = 3B6E2CA91D9F2A5300698C90 /* HelloSwiftUITests.swift */; };
/* End PBXBuildFile section */

/* Begin PBXContainerItemProxy section */
		3B6E2C9B1D9F2A5200698C90 /* PBXContainerItemProxy */ = {
			isa = PBXContainerItemProxy;
			containerPortal = 3B6E2C7E1D9F2A5200698C90 /* Project object */;
			proxyType = 1;
			remoteGlobalIDString = 3B6E2C851D9F2A5200698C90;
			remoteInfo = HelloSwift;
		};
		3B6E2CA61D9F2A5300698C90 /* PBXContainerItemProxy */ = {
			isa = PBXContainerItemProxy;
			containerPortal = 3B6E2C7E1D9F2A5200698C90 /* Project object */;
			proxyType = 1;
			remoteGlobalIDString = 3B6E2C851D9F2A5200698C90;
			remoteInfo = HelloSwift;
		};
/* End PBXContainerItemProxy section */

/* Begin PBXFileReference section */
		3B6E2C861D9F2A5200698C90 /* HelloSwift.app */ = {isa = PBXFileReference; explicitFileType = wrapper.application; includeInIndex = 0; path = HelloSwift.app; sourceTree = BUILT_PRODUCTS_DIR; };
		3B6E2C891D9F2A5200698C90 /* AppDelegate.swift */ = {isa = PBXFileReference; lastKnownFileType = sourcecode.swift; path = AppDelegate.swift; sourceTree = "<group>"; };
		3B6E2C8B1D9F2A5200698C90 /* ViewController.swift */ = {isa = PBXFileReference; lastKnownFileType = sourcecode.swift; path = ViewController.swift; sourceTree = "<group>"; };
		3B6E2C8E1D9F2A5200698C90 /* Base */ = {isa = PBXFileReference; lastKnownFileType = file.storyboard; name = Base; path = Base.lproj/Main.storyboard; sourceTree = "<group>"; };
		3B6E2C901D9F2A5200698C90 /* Assets.xcassets */ = {isa = PBXFileReference; lastKnownFileType = folder.assetcatalog; path = Assets.xcassets; sourceTree = "<group>"; };
		3B6E2C931D9F2A5200698C90 /* Base */ = {isa = PBXFileReference; lastKnownFileType = file.storyboard; name = Base; path = Base.lproj/LaunchScreen.storyboard; sourceTree = "<group>"; };
		3B6E2C951D9F2A5200698C90 /* Info.plist */ = {isa = PBXFileReference; lastKnownFileType = text.plist.xml; path = Info.plist; sourceTree = "<group>"; };
		3B6E2C9A1D9F2A5200698C90 /* HelloSwiftTests.xctest */ = {isa = PBXFileReference; explicitFileType = wrapper.cfbundle; includeInIndex = 0; path = HelloSwiftTests.xctest; sourceTree = BUILT_PRODUCTS_DIR; };
		3B6E2C9E1D9F2A5300698C90 /* HelloSwiftTests.swift */ = {isa = PBXFileReference; lastKnownFileType = sourcecode.swift; path = HelloSwiftTests.swift; sourceTree = "<group>"; };
		3B6E2CA01D9F2A5300698C90 /* Info.plist */ = {isa = PBXFileReference; lastKnownFileType = text.plist.xml; path = Info.plist; sourceTree = "<group>"; };
		3B6E2CA51D9F2A5300698C90 /* HelloSwiftUITests.xctest */ = {isa = PBXFileReference; explicitFileType = wrapper.cfbundle; includeInIndex = 0; path = HelloSwiftUITests.xctest; sourceTree = BUILT_PRODUCTS_DIR; };
		3B6E2CA91D9F2A5300698C90 /* HelloSwiftUITests.swift */ = {isa = PBXFileReference; lastKnownFileType = sourcecode.swift; path = HelloSwiftUITests.swift; sourceTree = "<group>"; };
		3B6E2CAB1D9F2A5300698C90 /* Info.plist */ = {isa = PBXFileReference; lastKnownFileType = text.plist.xml; path = Info.plist; sourceTree = "<group>"; };
/* End PBXFileReference section */

/* Begin PBXFrameworksBuildPhase section */
		3B6E2C831D9F2A5200698C90 /* Frameworks */ = {
			isa = PBXFrameworksBuildPhase;
			buildActionMask = 2147483647;
			files = (
			);
			runOnlyForDeploymentPostprocessing = 0;
		};
		3B6E2C971D9F2A5200698C90 /* Frameworks */ = {
			isa = PBXFrameworksBuildPhase;
			buildActionMask = 2147483647;
			files = (
			);
			runOnlyForDeploymentPostprocessing = 0;
		};
		3B6E2CA21D9F2A5300698C90 /* Frameworks */ = {
			isa = PBXFrameworksBuildPhase;
			buildActionMask = 2147483647;
			files = (
			);
			runOnlyForDeploymentPostprocessing = 0;
		};
/* End PBXFrameworksBuildPhase section */

/* Begin PBXGroup section */
		3B6E2C7D1D9F2A5200698C90 = {
			isa = PBXGroup;
			children = (
				3B6E2C881D9F2A5200698C90 /* HelloSwift */,
				3B6E2C9D1D9F2A5300698C90 /* HelloSwiftTests */,
				3B6E2CA81D9F2A5300698C90 /* HelloSwiftUITests */,
				3B6E2C871D9F2A5200698C90 /* Products */,
			);
			sourceTree = "<group>";
		};
		3B6E2C871D9F2A5200698C90 /* Products */ = {
			isa = PBXGroup;
			children = (
				3B6E2C861D9F2A5200698C90 /* HelloSwift.app */,
				3B6E2C9A1D9F2A5200698C90 /* HelloSwiftTests.xctest */,
				3B6E2CA51D9F2A5300698C90 /* HelloSwiftUITests.xctest */,
			);
			name = Products;
			sourceTree = "<group>";
		};
		3B6E2C881D9F2A5200698C90 /* HelloSwift */ = {
			isa = PBXGroup;
			children = (
				3B6E2C891D9F2A5200698C90 /* AppDelegate.swift */,
				3B6E2C8B1D9F2A5200698C90 /* ViewController.swift */,
				3B6E2C8D1D9F2A5200698C90 /* Main.storyboard */,
				3B6E2C901D9F2A5200698C90 /* Assets.xcassets */,
				3B6E2C921D9F2A5200698C90 /* LaunchScreen.storyboard */,
				3B6E2C951D9F2A5200698C90 /* Info.plist */,
			);
			path = HelloSwift;
			sourceTree = "<group>";
		};
		3B6E2C9D1D9F2A5300698C90 /* HelloSwiftTests */ = {
			isa = PBXGroup;
			children = (
				3B6E2C9E1D9F2A5300698C90 /* HelloSwiftTests.swift */,
				3B6E2CA01D9F2A5300698C90 /* Info.plist */,
			);
			path = HelloSwiftTests;
			sourceTree = "<group>";
		};
		3B6E2CA81D9F2A5300698C90 /* HelloSwiftUITests */ = {
			isa = PBXGroup;
			children = (
				3B6E2CA91D9F2A5300698C90 /* HelloSwiftUITests.swift */,
				3B6E2CAB1D9F2A5300698C90 /* Info.plist */,
			);
			path = HelloSwiftUITests;
			sourceTree = "<group>";
		};
/* End PBXGroup section */

/* Begin PBXNativeTarget section */
		3B6E2C851D9F2A5200698C90 /* HelloSwift */ = {
			isa = PBXNativeTarget;
			buildConfigurationList = 3B6E2CAE1D9F2A5300698C90 /* Build configuration list for PBXNativeTarget "HelloSwift" */;
			buildPhases = (
				3B6E2C821D9F2A5200698C90 /* Sources */,
				3B6E2C831D9F2A5200698C90 /* Frameworks */,
				3B6E2C841D9F2A5200698C90 /* Resources */,
			);
			buildRules = (
			);
			dependencies = (
			);
			name = HelloSwift;
			productName = HelloSwift;
			productReference = 3B6E2C861D9F2A5200698C90 /* HelloSwift.app */;
			productType = "com.apple.product-type.application";
		};
		3B6E2C991D9F2A5200698C90 /* HelloSwiftTests */ = {
			isa = PBXNativeTarget;
			buildConfigurationList = 3B6E2CB11D9F2A5300698C90 /* Build configuration list for PBXNativeTarget "HelloSwiftTests" */;
			buildPhases = (
				3B6E2C961D9F2A5200698C90 /* Sources */,
				3B6E2C971D9F2A5200698C90 /* Frameworks */,
				3B6E2C981D9F2A5200698C90 /* Resources */,
			);
			buildRules = (
			);
			dependencies = (
				3B6E2C9C1D9F2A5200698C90 /* PBXTargetDependency */,
			);
			name = HelloSwiftTests;
			productName = HelloSwiftTests;
			productReference = 3B6E2C9A1D9F2A5200698C90 /* HelloSwiftTests.xctest */;
			productType = "com.apple.product-type.bundle.unit-test";
		};
		3B6E2CA41D9F2A5300698C90 /* HelloSwiftUITests */ = {
			isa = PBXNativeTarget;
			buildConfigurationList = 3B6E2CB41D9F2A5300698C90 /* Build configuration list for PBXNativeTarget "HelloSwiftUITests" */;
			buildPhases = (
				3B6E2CA11D9F2A5300698C90 /* Sources */,
				3B6E2CA21D9F2A5300698C90 /* Frameworks */,
				3B6E2CA31D9F2A5300698C90 /* Resources */,
			);
			buildRules = (
			);
			dependencies = (
				3B6E2CA71D9F2A5300698C90 /* PBXTargetDependency */,
			);
			name = HelloSwiftUITests;
			productName = HelloSwiftUITests;
			productReference = 3B6E2CA51D9F2A5300698C90 /* HelloSwiftUITests.xctest */;
			productType = "com.apple.product-type.bundle.ui-testing";
		};
/* End PBXNativeTarget section */

/* Begin PBXProject section */
		3B6E2C7E1D9F2A5200698C90 /* Project object */ = {
			isa = PBXProject;
			attributes = {
				LastSwiftUpdateCheck = 0800;
				LastUpgradeCheck = 0800;
				ORGANIZATIONNAME = Virangula;
				TargetAttributes = {
					3B6E2C851D9F2A5200698C90 = {
						CreatedOnToolsVersion = 8.0;
						ProvisioningStyle = Automatic;
					};
					3B6E2C991D9F2A5200698C90 = {
						CreatedOnToolsVersion = 8.0;
						ProvisioningStyle = Automatic;
						TestTargetID = 3B6E2C851D9F2A5200698C90;
					};
					3B6E2CA41D9F2A5300698C90 = {
						CreatedOnToolsVersion = 8.0;
						ProvisioningStyle = Automatic;
						TestTargetID = 3B6E2C851D9F2A5200698C90;
					};
				};
			};
			buildConfigurationList = 3B6E2C811D9F2A5200698C90 /* Build configuration list for PBXProject "HelloSwift" */;
			compatibilityVersion = "Xcode 3.2";
			developmentRegion = English;
			hasScannedForEncodings = 0;
			knownRegions = (
				en,
				Base,
			);
			mainGroup = 3B6E2C7D1D9F2A5200698C90;
			productRefGroup = 3B6E2C871D9F2A5200698C90 /* Products */;
			projectDirPath = "";
			projectRoot = "";
			targets = (
				3B6E2C851D9F2A5200698C90 /* HelloSwift */,
				3B6E2C991D9F2A5200698C90 /* HelloSwiftTests */,
				3B6E2CA41D9F2A5300698C90 /* HelloSwiftUITests */,
			);
		};
/* End PBXProject section */

/* Begin PBXResourcesBuildPhase section */
		3B6E2C841D9F2A5200698C90 /* Resources */ = {
			isa = PBXResourcesBuildPhase;
			buildActionMask = 2147483647;
			files = (
				3B6E2C941D9F2A5200698C90 /* LaunchScreen.storyboard in Resources */,
				3B6E2C911D9F2A5200698C90 /* Assets.xcassets in Resources */,
				3B6E2C8F1D9F2A5200698C90 /* Main.storyboard in Resources */,
			);
			runOnlyForDeploymentPostprocessing = 0;
		};
		3B6E2C981D9F2A5200698C90 /* Resources */ = {
			isa = PBXResourcesBuildPhase;
			buildActionMask = 2147483647;
			files = (
			);
			runOnlyForDeploymentPostprocessing = 0;
		};
		3B6E2CA31D9F2A5300698C90 /* Resources */ = {
			isa = PBXResourcesBuildPhase;
			buildActionMask = 2147483647;
			files = (
			);
			runOnlyForDeploymentPostprocessing = 0;
		};
/* End PBXResourcesBuildPhase section */

/* Begin PBXSourcesBuildPhase section */
		3B6E2C821D9F2A5200698C90 /* Sources */ = {
			isa = PBXSourcesBuildPhase;
			buildActionMask = 2147483647;
			files = (
				3B6E2C8C1D9F2A5200698C90 /* ViewController.swift in Sources */,
				3B6E2C8A1D9F2A5200698C90 /* AppDelegate.swift in Sources */,
			);
			runOnlyForDeploymentPostprocessing = 0;
		};
		3B6E2C961D9F2A5200698C90 /* Sources */ = {
			isa = PBXSourcesBuildPhase;
			buildActionMask = 2147483647;
			files = (
				3B6E2C9F1D9F2A5300698C90 /* HelloSwiftTests.swift in Sources */,
			);
			runOnlyForDeploymentPostprocessing = 0;
		};
		3B6E2CA11D9F2A5300698C90 /* Sources */ = {
			isa = PBXSourcesBuildPhase;
			buildActionMask = 2147483647;
			files = (
				3B6E2CAA1D9F2A5300698C90 /* HelloSwiftUITests.swift in Sources */,
			);
			runOnlyForDeploymentPostprocessing = 0;
		};
/* End PBXSourcesBuildPhase section */

/* Begin PBXTargetDependency section */
		3B6E2C9C1D9F2A5200698C90 /* PBXTargetDependency */ = {
			isa = PBXTargetDependency;
			target = 3B6E2C851D9F2A5200698C90 /* HelloSwift */;
			targetProxy = 3B6E2C9B1D9F2A5200698C90 /* PBXContainerItemProxy */;
		};
		3B6E2CA71D9F2A5300698C90 /* PBXTargetDependency */ = {
			isa = PBXTargetDependency;
			target = 3B6E2C851D9F2A5200698C90 /* HelloSwift */;
			targetProxy = 3B6E2CA61D9F2A5300698C90 /* PBXContainerItemProxy */;
		};
/* End PBXTargetDependency section */

/* Begin PBXVariantGroup section */
		3B6E2C8D1D9F2A5200698C90 /* Main.storyboard */ = {
			isa = PBXVariantGroup;
			children = (
				3B6E2C8E1D9F2A5200698C90 /* Base */,
			);
			name = Main.storyboard;
			sourceTree = "<group>";
		};
		3B6E2C921D9F2A5200698C90 /* LaunchScreen.storyboard */ = {
			isa = PBXVariantGroup;
			children = (
				3B6E2C931D9F2A5200698C90 /* Base */,
			);
			name = LaunchScreen.storyboard;
			sourceTree = "<group>";
		};
/* End PBXVariantGroup section */

/* Begin XCBuildConfiguration section */
		3B6E2CAC1D9F2A5300698C90 /* Debug */ = {
			isa = XCBuildConfiguration;
			buildSettings = {
				ALWAYS_SEARCH_USER_PATHS = NO;
				CLANG_ANALYZER_NONNULL = YES;
				CLANG_CXX_LANGUAGE_STANDARD = "gnu++0x";
				CLANG_CXX_LIBRARY = "libc++";
				CLANG_ENABLE_MODULES = YES;
				CLANG_ENABLE_OBJC_ARC = YES;
				CLANG_WARN_BOOL_CONVERSION = YES;
				CLANG_WARN_CONSTANT_CONVERSION = YES;
				CLANG_WARN_DIRECT_OBJC_ISA_USAGE = YES_ERROR;
				CLANG_WARN_DOCUMENTATION_COMMENTS = YES;
				CLANG_WARN_EMPTY_BODY = YES;
				CLANG_WARN_ENUM_CONVERSION = YES;
				CLANG_WARN_INFINITE_RECURSION = YES;
				CLANG_WARN_INT_CONVERSION = YES;
				CLANG_WARN_OBJC_ROOT_CLASS = YES_ERROR;
				CLANG_WARN_SUSPICIOUS_MOVES = YES;
				CLANG_WARN_UNREACHABLE_CODE = YES;
				CLANG_WARN__DUPLICATE_METHOD_MATCH = YES;
				"CODE_SIGN_IDENTITY[sdk=iphoneos*]" = "iPhone Developer";
				COPY_PHASE_STRIP = NO;
				DEBUG_INFORMATION_FORMAT = dwarf;
				ENABLE_STRICT_OBJC_MSGSEND = YES;
				ENABLE_TESTABILITY = YES;
				GCC_C_LANGUAGE_STANDARD = gnu99;
				GCC_DYNAMIC_NO_PIC = NO;
				GCC_NO_COMMON_BLOCKS = YES;
				GCC_OPTIMIZATION_LEVEL = 0;
				GCC_PREPROCESSOR_DEFINITIONS = (
					"DEBUG=1",
					"$(inherited)",
				);
				GCC_WARN_64_TO_32_BIT_CONVERSION = YES;
				GCC_WARN_ABOUT_RETURN_TYPE = YES_ERROR;
				GCC_WARN_UNDECLARED_SELECTOR = YES;
				GCC_WARN_UNINITIALIZED_AUTOS = YES_AGGRESSIVE;
				GCC_WARN_UNUSED_FUNCTION = YES;
				GCC_WARN_UNUSED_VARIABLE = YES;
				IPHONEOS_DEPLOYMENT_TARGET = 10.0;
				MTL_ENABLE_DEBUG_INFO = YES;
				ONLY_ACTIVE_ARCH = YES;
				SDKROOT = iphoneos;
				SWIFT_ACTIVE_COMPILATION_CONDITIONS = DEBUG;
				SWIFT_OPTIMIZATION_LEVEL = "-Onone";
				TARGETED_DEVICE_FAMILY = "1,2";
			};
			name = Debug;
		};
		3B6E2CAD1D9F2A5300698C90 /* Release */ = {
			isa = XCBuildConfiguration;
			buildSettings = {
				ALWAYS_SEARCH_USER_PATHS = NO;
				CLANG_ANALYZER_NONNULL = YES;
				CLANG_CXX_LANGUAGE_STANDARD = "gnu++0x";
				CLANG_CXX_LIBRARY = "libc++";
				CLANG_ENABLE_MODULES = YES;
				CLANG_ENABLE_OBJC_ARC = YES;
				CLANG_WARN_BOOL_CONVERSION = YES;
				CLANG_WARN_CONSTANT_CONVERSION = YES;
				CLANG_WARN_DIRECT_OBJC_ISA_USAGE = YES_ERROR;
				CLANG_WARN_DOCUMENTATION_COMMENTS = YES;
				CLANG_WARN_EMPTY_BODY = YES;
				CLANG_WARN_ENUM_CONVERSION = YES;
				CLANG_WARN_INFINITE_RECURSION = YES;
				CLANG_WARN_INT_CONVERSION = YES;
				CLANG_WARN_OBJC_ROOT_CLASS = YES_ERROR;
				CLANG_WARN_SUSPICIOUS_MOVES = YES;
				CLANG_WARN_UNREACHABLE_CODE = YES;
				CLANG_WARN__DUPLICATE_METHOD_MATCH = YES;
				"CODE_SIGN_IDENTITY[sdk=iphoneos*]" = "iPhone Developer";
				COPY_PHASE_STRIP = NO;
				DEBUG_INFORMATION_FORMAT = "dwarf-with-dsym";
				ENABLE_NS_ASSERTIONS = NO;
				ENABLE_STRICT_OBJC_MSGSEND = YES;
				GCC_C_LANGUAGE_STANDARD = gnu99;
				GCC_NO_COMMON_BLOCKS = YES;
				GCC_WARN_64_TO_32_BIT_CONVERSION = YES;
				GCC_WARN_ABOUT_RETURN_TYPE = YES_ERROR;
				GCC_WARN_UNDECLARED_SELECTOR = YES;
				GCC_WARN_UNINITIALIZED_AUTOS = YES_AGGRESSIVE;
				GCC_WARN_UNUSED_FUNCTION = YES;
				GCC_WARN_UNUSED_VARIABLE = YES;
				IPHONEOS_DEPLOYMENT_TARGET = 10.0;
				MTL_ENABLE_DEBUG_INFO = NO;
				SDKROOT = iphoneos;
				SWIFT_OPTIMIZATION_LEVEL = "-Owholemodule";
				TARGETED_DEVICE_FAMILY = "1,2";
				VALIDATE_PRODUCT = YES;
			};
			name = Release;
		};
		3B6E2CAF1D9F2A5300698C90 /* Debug */ = {
			isa = XCBuildConfiguration;
			buildSettings = {
				ASSETCATALOG_COMPILER_APPICON_NAME = AppIcon;
				INFOPLIST_FILE = HelloSwift/Info.plist;
				LD_RUNPATH_SEARCH_PATHS = "$(inherited) @executable_path/Frameworks";
				PRODUCT_BUNDLE_IDENTIFIER = com.virangula.HelloSwift;
				PRODUCT_NAME = "$(TARGET_NAME)";
				SWIFT_VERSION = 3.0;
			};
			name = Debug;
		};
		3B6E2CB01D9F2A5300698C90 /* Release */ = {
			isa = XCBuildConfiguration;
			buildSettings = {
				ASSETCATALOG_COMPILER_APPICON_NAME = AppIcon;
				INFOPLIST_FILE = HelloSwift/Info.plist;
				LD_RUNPATH_SEARCH_PATHS = "$(inherited) @executable_path/Frameworks";
				PRODUCT_BUNDLE_IDENTIFIER = com.virangula.HelloSwift;
				PRODUCT_NAME = "$(TARGET_NAME)";
				SWIFT_VERSION = 3.0;
			};
			name = Release;
		};
		3B6E2CB21D9F2A5300698C90 /* Debug */ = {
			isa = XCBuildConfiguration;
			buildSettings = {
				ALWAYS_EMBED_SWIFT_STANDARD_LIBRARIES = YES;
				BUNDLE_LOADER = "$(TEST_HOST)";
				INFOPLIST_FILE = HelloSwiftTests/Info.plist;
				LD_RUNPATH_SEARCH_PATHS = "$(inherited) @executable_path/Frameworks @loader_path/Frameworks";
				PRODUCT_BUNDLE_IDENTIFIER = com.virangula.HelloSwiftTests;
				PRODUCT_NAME = "$(TARGET_NAME)";
				SWIFT_VERSION = 3.0;
				TEST_HOST = "$(BUILT_PRODUCTS_DIR)/HelloSwift.app/HelloSwift";
			};
			name = Debug;
		};
		3B6E2CB31D9F2A5300698C90 /* Release */ = {
			isa = XCBuildConfiguration;
			buildSettings = {
				ALWAYS_EMBED_SWIFT_STANDARD_LIBRARIES = YES;
				BUNDLE_LOADER = "$(TEST_HOST)";
				INFOPLIST_FILE = HelloSwiftTests/Info.plist;
				LD_RUNPATH_SEARCH_PATHS = "$(inherited) @executable_path/Frameworks @loader_path/Frameworks";
				PRODUCT_BUNDLE_IDENTIFIER = com.virangula.HelloSwiftTests;
				PRODUCT_NAME = "$(TARGET_NAME)";
				SWIFT_VERSION = 3.0;
				TEST_HOST = "$(BUILT_PRODUCTS_DIR)/HelloSwift.app/HelloSwift";
			};
			name = Release;
		};
		3B6E2CB51D9F2A5300698C90 /* Debug */ = {
			isa = XCBuildConfiguration;
			buildSettings = {
				ALWAYS_EMBED_SWIFT_STANDARD_LIBRARIES = YES;
				INFOPLIST_FILE = HelloSwiftUITests/Info.plist;
				LD_RUNPATH_SEARCH_PATHS = "$(inherited) @executable_path/Frameworks @loader_path/Frameworks";
				PRODUCT_BUNDLE_IDENTIFIER = com.virangula.HelloSwiftUITests;
				PRODUCT_NAME = "$(TARGET_NAME)";
				SWIFT_VERSION = 3.0;
				TEST_TARGET_NAME = HelloSwift;
			};
			name = Debug;
		};
		3B6E2CB61D9F2A5300698C90 /* Release */ = {
			isa = XCBuildConfiguration;
			buildSettings = {
				ALWAYS_EMBED_SWIFT_STANDARD_LIBRARIES = YES;
				INFOPLIST_FILE = HelloSwiftUITests/Info.plist;
				LD_RUNPATH_SEARCH_PATHS = "$(inherited) @executable_path/Frameworks @loader_path/Frameworks";
				PRODUCT_BUNDLE_IDENTIFIER = com.virangula.HelloSwiftUITests;
				PRODUCT_NAME = "$(TARGET_NAME)";
				SWIFT_VERSION = 3.0;
				TEST_TARGET_NAME = HelloSwift;
			};
			name = Release;
		};
/* End XCBuildConfiguration section */

/* Begin XCConfigurationList section */
		3B6E2C811D9F2A5200698C90 /* Build configuration list for PBXProject "HelloSwift" */ = {
			isa = XCConfigurationList;
			buildConfigurations = (
				3B6E2CAC1D9F2A5300698C90 /* Debug */,
				3B6E2CAD1D9F2A5300698C90 /* Release */,
			);
			defaultConfigurationIsVisible = 0;
			defaultConfigurationName = Release;
		};
		3B6E2CAE1D9F2A5300698C90 /* Build configuration list for PBXNativeTarget "HelloSwift" */ = {
			isa = XCConfigurationList;
			buildConfigurations = (
				3B6E2CAF1D9F2A5300698C90 /* Debug */,
				3B6E2CB01D9F2A5300698C90 /* Release */,
			);
			defaultConfigurationIsVisible = 0;
		};
		3B6E2CB11D9F2A5300698C90 /* Build configuration list for PBXNativeTarget "HelloSwiftTests" */ = {
			isa = XCConfigurationList;
			buildConfigurations = (
				3B6E2CB21D9F2A5300698C90 /* Debug */,
				3B6E2CB31D9F2A5300698C90 /* Release */,
			);
			defaultConfigurationIsVisible = 0;
		};
		3B6E2CB41D9F2A5300698C90 /* Build configuration list for PBXNativeTarget "HelloSwiftUITests" */ = {
			isa = XCConfigurationList;
			buildConfigurations = (
				3B6E2CB51D9F2A5300698C90 /* Debug */,
				3B6E2CB61D9F2A5300698C90 /* Release */,
			);
			defaultConfigurationIsVisible = 0;
		};
/* End XCConfigurationList section */
	};
	rootObject = 3B6E2C7E1D9F2A5200698C90 /* Project object */;
}
